
Microsoft Visual Studio Solution File, Format Version 12.00
# Visual Studio 15
VisualStudioVersion = 15.0.27703.2018
MinimumVisualStudioVersion = 10.0.40219.1
Project("{9A19103F-16F7-4668-BE54-9A1E7A4F7556}") = "Jal.ChainOfResponsability", "Jal.ChainOfResponsability\Jal.ChainOfResponsability.csproj", "{56FBB87E-CA85-4105-A6A8-28DDBA17C66B}"
EndProject
Project("{9A19103F-16F7-4668-BE54-9A1E7A4F7556}") = "Jal.ChainOfResponsability.Tests", "Jal.ChainOfResponsability.Tests\Jal.ChainOfResponsability.Tests.csproj", "{AB188EF2-79D5-4308-A1D9-BFE9F6C8A6B5}"
EndProject
Project("{9A19103F-16F7-4668-BE54-9A1E7A4F7556}") = "Jal.ChainOfResponsability.LightInject.Installer", "Jal.ChainOfResponsability.LightInject.Installer\Jal.ChainOfResponsability.LightInject.Installer.csproj", "{08ADC64C-85FB-4A4D-97F8-0BD1E11CE4C4}"
EndProject
Project("{9A19103F-16F7-4668-BE54-9A1E7A4F7556}") = "Jal.ChainOfResponsability.Installer", "Jal.ChainOfResponsability.Installer\Jal.ChainOfResponsability.Installer.csproj", "{9675E2FE-D5F5-4774-AF8F-0FB0DBD34C91}"
EndProject
Project("{FAE04EC0-301F-11D3-BF4B-00C04F79EFBC}") = "Jal.ChainOfResponsability.Microsoft.Extensions.DependencyInjection", "Jal.ChainOfResponsability.Microsoft.Extensions.DependencyInjection\Jal.ChainOfResponsability.Microsoft.Extensions.DependencyInjection.csproj", "{CEC12346-BC04-4673-A364-6DCD6E983BBF}"
EndProject
Global
	GlobalSection(SolutionConfigurationPlatforms) = preSolution
		Debug|Any CPU = Debug|Any CPU
		Release|Any CPU = Release|Any CPU
	EndGlobalSection
	GlobalSection(ProjectConfigurationPlatforms) = postSolution
		{56FBB87E-CA85-4105-A6A8-28DDBA17C66B}.Debug|Any CPU.ActiveCfg = Debug|Any CPU
		{56FBB87E-CA85-4105-A6A8-28DDBA17C66B}.Debug|Any CPU.Build.0 = Debug|Any CPU
		{56FBB87E-CA85-4105-A6A8-28DDBA17C66B}.Release|Any CPU.ActiveCfg = Release|Any CPU
		{56FBB87E-CA85-4105-A6A8-28DDBA17C66B}.Release|Any CPU.Build.0 = Release|Any CPU
		{AB188EF2-79D5-4308-A1D9-BFE9F6C8A6B5}.Debug|Any CPU.ActiveCfg = Debug|Any CPU
		{AB188EF2-79D5-4308-A1D9-BFE9F6C8A6B5}.Debug|Any CPU.Build.0 = Debug|Any CPU
		{AB188EF2-79D5-4308-A1D9-BFE9F6C8A6B5}.Release|Any CPU.ActiveCfg = Release|Any CPU
		{AB188EF2-79D5-4308-A1D9-BFE9F6C8A6B5}.Release|Any CPU.Build.0 = Release|Any CPU
		{08ADC64C-85FB-4A4D-97F8-0BD1E11CE4C4}.Debug|Any CPU.ActiveCfg = Debug|Any CPU
		{08ADC64C-85FB-4A4D-97F8-0BD1E11CE4C4}.Debug|Any CPU.Build.0 = Debug|Any CPU
		{08ADC64C-85FB-4A4D-97F8-0BD1E11CE4C4}.Release|Any CPU.ActiveCfg = Release|Any CPU
		{08ADC64C-85FB-4A4D-97F8-0BD1E11CE4C4}.Release|Any CPU.Build.0 = Release|Any CPU
		{9675E2FE-D5F5-4774-AF8F-0FB0DBD34C91}.Debug|Any CPU.ActiveCfg = Debug|Any CPU
		{9675E2FE-D5F5-4774-AF8F-0FB0DBD34C91}.Debug|Any CPU.Build.0 = Debug|Any CPU
		{9675E2FE-D5F5-4774-AF8F-0FB0DBD34C91}.Release|Any CPU.ActiveCfg = Release|Any CPU
		{9675E2FE-D5F5-4774-AF8F-0FB0DBD34C91}.Release|Any CPU.Build.0 = Release|Any CPU
		{CEC12346-BC04-4673-A364-6DCD6E983BBF}.Debug|Any CPU.ActiveCfg = Debug|Any CPU
		{CEC12346-BC04-4673-A364-6DCD6E983BBF}.Debug|Any CPU.Build.0 = Debug|Any CPU
		{CEC12346-BC04-4673-A364-6DCD6E983BBF}.Release|Any CPU.ActiveCfg = Release|Any CPU
		{CEC12346-BC04-4673-A364-6DCD6E983BBF}.Release|Any CPU.Build.0 = Release|Any CPU
	EndGlobalSection
	GlobalSection(SolutionProperties) = preSolution
		HideSolutionNode = FALSE
	EndGlobalSection
	GlobalSection(ExtensibilityGlobals) = postSolution
		SolutionGuid = {A7F9AC26-F5CD-4FDC-BCE2-0F555B0747AA}
	EndGlobalSection
EndGlobal
